
Microsoft Visual Studio Solution File, Format Version 12.00
# Visual Studio Version 16
VisualStudioVersion = 16.0.30128.74
MinimumVisualStudioVersion = 10.0.40219.1
Project("{FAE04EC0-301F-11D3-BF4B-00C04F79EFBC}") = "OnionArchApp", "OnionArchApp\OnionArchApp.csproj", "{14CD68EF-F38A-4012-9741-8158BEB49692}"
EndProject
Project("{FAE04EC0-301F-11D3-BF4B-00C04F79EFBC}") = "DomainLayer", "DomainLayer\DomainLayer.csproj", "{1510B094-BA22-439E-BE5A-C808538CF17C}"
EndProject
Project("{FAE04EC0-301F-11D3-BF4B-00C04F79EFBC}") = "RepositoryLayer", "RepositoryLayer\RepositoryLayer.csproj", "{8E163BCE-23E0-417E-9440-34DCA42C031C}"
EndProject
Project("{FAE04EC0-301F-11D3-BF4B-00C04F79EFBC}") = "ServiceLayer", "ServiceLayer\ServiceLayer.csproj", "{D59913CC-92CB-4441-B35F-4B710126C6A0}"
EndProject
Global
	GlobalSection(SolutionConfigurationPlatforms) = preSolution
		Debug|Any CPU = Debug|Any CPU
		Release|Any CPU = Release|Any CPU
	EndGlobalSection
	GlobalSection(ProjectConfigurationPlatforms) = postSolution
		{14CD68EF-F38A-4012-9741-8158BEB49692}.Debug|Any CPU.ActiveCfg = Debug|Any CPU
		{14CD68EF-F38A-4012-9741-8158BEB49692}.Debug|Any CPU.Build.0 = Debug|Any CPU
		{14CD68EF-F38A-4012-9741-8158BEB49692}.Release|Any CPU.ActiveCfg = Release|Any CPU
		{14CD68EF-F38A-4012-9741-8158BEB49692}.Release|Any CPU.Build.0 = Release|Any CPU
		{1510B094-BA22-439E-BE5A-C808538CF17C}.Debug|Any CPU.ActiveCfg = Debug|Any CPU
		{1510B094-BA22-439E-BE5A-C808538CF17C}.Debug|Any CPU.Build.0 = Debug|Any CPU
		{1510B094-BA22-439E-BE5A-C808538CF17C}.Release|Any CPU.ActiveCfg = Release|Any CPU
		{1510B094-BA22-439E-BE5A-C808538CF17C}.Release|Any CPU.Build.0 = Release|Any CPU
		{8E163BCE-23E0-417E-9440-34DCA42C031C}.Debug|Any CPU.ActiveCfg = Debug|Any CPU
		{8E163BCE-23E0-417E-9440-34DCA42C031C}.Debug|Any CPU.Build.0 = Debug|Any CPU
		{8E163BCE-23E0-417E-9440-34DCA42C031C}.Release|Any CPU.ActiveCfg = Release|Any CPU
		{8E163BCE-23E0-417E-9440-34DCA42C031C}.Release|Any CPU.Build.0 = Release|Any CPU
		{D59913CC-92CB-4441-B35F-4B710126C6A0}.Debug|Any CPU.ActiveCfg = Debug|Any CPU
		{D59913CC-92CB-4441-B35F-4B710126C6A0}.Debug|Any CPU.Build.0 = Debug|Any CPU
		{D59913CC-92CB-4441-B35F-4B710126C6A0}.Release|Any CPU.ActiveCfg = Release|Any CPU
		{D59913CC-92CB-4441-B35F-4B710126C6A0}.Release|Any CPU.Build.0 = Release|Any CPU
	EndGlobalSection
	GlobalSection(SolutionProperties) = preSolution
		HideSolutionNode = FALSE
	EndGlobalSection
	GlobalSection(ExtensibilityGlobals) = postSolution
		SolutionGuid = {2B0320C4-A890-436D-8770-258C1AB605FF}
	EndGlobalSection
EndGlobal
